<?xml version="1.0" encoding="utf-8"?>
<Project ToolsVersion="4.0" xmlns="http://schemas.microsoft.com/developer/msbuild/2003">
  <ItemGroup>
    <Filter Include="src">
      <UniqueIdentifier>{2DAB880B-99B4-887C-2230-9F7C8E38947C}</UniqueIdentifier>
    </Filter>
    <Filter Include="src\Core">
      <UniqueIdentifier>{A5D31CCF-91A0-77DA-BAB9-6582A6E5AC68}</UniqueIdentifier>
    </Filter>
    <Filter Include="src\Graphics">
      <UniqueIdentifier>{0D564864-F9B8-D708-A23E-10BF8E80A38B}</UniqueIdentifier>
    </Filter>
    <Filter Include="src\ImGui">
      <UniqueIdentifier>{170E22B3-8378-D629-CCB6-87CF3860B47E}</UniqueIdentifier>
    </Filter>
    <Filter Include="src\Math">
      <UniqueIdentifier>{261422CF-12E1-7CDA-3BFA-6A822726B268}</UniqueIdentifier>
    </Filter>
    <Filter Include="src\Olc">
      <UniqueIdentifier>{DA9D2FA9-467D-AE44-4F95-391BBBF314A6}</UniqueIdentifier>
    </Filter>
    <Filter Include="src\Scene">
      <UniqueIdentifier>{0A06D2B3-7670-862A-BFAE-37D02B58647F}</UniqueIdentifier>
    </Filter>
    <Filter Include="vendor">
      <UniqueIdentifier>{B3738122-9F15-ACF8-88D0-BF4C74113349}</UniqueIdentifier>
    </Filter>
    <Filter Include="vendor\CupECS">
      <UniqueIdentifier>{C581C8B2-3142-44E9-FA7C-8D6666FC88C5}</UniqueIdentifier>
    </Filter>
    <Filter Include="vendor\CupECS\include">
      <UniqueIdentifier>{389E094E-A40A-C548-6DFE-5CA6D929E7B0}</UniqueIdentifier>
    </Filter>
  </ItemGroup>
  <ItemGroup>
    <ClInclude Include="src\Core\Base.h">
      <Filter>src\Core</Filter>
    </ClInclude>
    <ClInclude Include="src\Core\CupEngine.h">
      <Filter>src\Core</Filter>
    </ClInclude>
    <ClInclude Include="src\Core\EntryPoint.h">
      <Filter>src\Core</Filter>
    </ClInclude>
    <ClInclude Include="src\Core\Layer.h">
      <Filter>src\Core</Filter>
    </ClInclude>
    <ClInclude Include="src\Core\LayerStack.h">
      <Filter>src\Core</Filter>
    </ClInclude>
    <ClInclude Include="src\Cup.h">
      <Filter>src</Filter>
    </ClInclude>
    <ClInclude Include="src\Graphics\Camera.h">
      <Filter>src\Graphics</Filter>
    </ClInclude>
    <ClInclude Include="src\Graphics\Renderer.h">
      <Filter>src\Graphics</Filter>
    </ClInclude>
    <ClInclude Include="src\Math\CupMath.h">
      <Filter>src\Math</Filter>
    </ClInclude>
    <ClInclude Include="src\Olc\olcConsoleGameEngine.h">
      <Filter>src\Olc</Filter>
    </ClInclude>
    <ClInclude Include="src\Olc\olcPixelGameEngine.h">
      <Filter>src\Olc</Filter>
    </ClInclude>
    <ClInclude Include="src\Scene\Components.h">
      <Filter>src\Scene</Filter>
    </ClInclude>
    <ClInclude Include="src\Scene\CupEntity.h">
      <Filter>src\Scene</Filter>
    </ClInclude>
    <ClInclude Include="src\Scene\Scene.h">
      <Filter>src\Scene</Filter>
    </ClInclude>
    <ClInclude Include="vendor\CupECS\include\Register.h">
      <Filter>vendor\CupECS\include</Filter>
    </ClInclude>
    <ClInclude Include="src\ImGui\imgui_impl_pge.h" />
    <ClInclude Include="src\ImGui\ImGuiCommand.h" />
  </ItemGroup>
  <ItemGroup>
    <ClCompile Include="src\Core\CupEngine.cpp">
      <Filter>src\Core</Filter>
    </ClCompile>
    <ClCompile Include="src\Core\LayerStack.cpp">
      <Filter>src\Core</Filter>
    </ClCompile>
    <ClCompile Include="src\Graphics\Camera.cpp">
      <Filter>src\Graphics</Filter>
    </ClCompile>
    <ClCompile Include="src\Graphics\Renderer.cpp">
      <Filter>src\Graphics</Filter>
    </ClCompile>
    <ClCompile Include="src\ImGui\ImGuiBuild.cpp">
      <Filter>src\ImGui</Filter>
    </ClCompile>
    <ClCompile Include="src\Olc\olcConsoleGameEngine.cpp">
      <Filter>src\Olc</Filter>
    </ClCompile>
    <ClCompile Include="src\Olc\olcPixelGameEngine.cpp">
      <Filter>src\Olc</Filter>
    </ClCompile>
    <ClCompile Include="src\Scene\CupEntity.cpp">
      <Filter>src\Scene</Filter>
    </ClCompile>
    <ClCompile Include="src\Scene\Scene.cpp">
      <Filter>src\Scene</Filter>
    </ClCompile>
    <ClCompile Include="src\ImGui\ImGuiCommand.cpp" />
  </ItemGroup>
</Project>