<?xml version="1.0" encoding="utf-8"?>
<Project ToolsVersion="4.0" xmlns="http://schemas.microsoft.com/developer/msbuild/2003">
  <ItemGroup>
    <Filter Include="Core">
      <UniqueIdentifier>{2EB4837C-1AEB-840D-C3D7-6A10AFED000F}</UniqueIdentifier>
    </Filter>
    <Filter Include="Math">
      <UniqueIdentifier>{AFF4887C-9B2B-8A0D-4418-7010302E060F}</UniqueIdentifier>
    </Filter>
  </ItemGroup>
  <ItemGroup>
    <ClInclude Include="src\Core\CupEngine.h">
      <Filter>Core</Filter>
    </ClInclude>
    <ClInclude Include="src\Math\CupMath.h">
      <Filter>Math</Filter>
    </ClInclude>
    <ClInclude Include="src\Olc\olcConsoleGameEngine.h" />
    <ClInclude Include="src\Olc\olcPixelGameEngine.h" />
    <ClInclude Include="src\Core\Layer.h" />
    <ClInclude Include="src\Core\Base.h" />
    <ClInclude Include="src\Core\LayerStack.h" />
    <ClInclude Include="src\Cup.h" />
    <ClInclude Include="src\Graphics\Camera.h" />
    <ClInclude Include="src\Core\EntryPoint.h" />
    <ClInclude Include="src\Graphics\Renderer.h" />
  </ItemGroup>
  <ItemGroup>
    <ClCompile Include="src\Core\CupEngine.cpp">
      <Filter>Core</Filter>
    </ClCompile>
    <ClCompile Include="src\Core\LayerStack.cpp" />
    <ClCompile Include="src\Olc\olcPixelGameEngine.cpp" />
    <ClCompile Include="src\Graphics\Camera.cpp" />
    <ClCompile Include="src\Olc\olcConsoleGameEngine.cpp" />
    <ClCompile Include="src\Graphics\Renderer.cpp" />
  </ItemGroup>
</Project>