<?xml version="1.0" encoding="utf-8"?>
<Project ToolsVersion="4.0" xmlns="http://schemas.microsoft.com/developer/msbuild/2003">
  <ItemGroup>
    <Filter Include="Core">
      <UniqueIdentifier>{2EB4837C-1AEB-840D-C3D7-6A10AFED000F}</UniqueIdentifier>
    </Filter>
    <Filter Include="Scene">
      <UniqueIdentifier>{B3F7140E-1F0C-3DBF-E88D-E01E546139F0}</UniqueIdentifier>
    </Filter>
  </ItemGroup>
  <ItemGroup>
    <ClInclude Include="src\Core\EditorLayer.h">
      <Filter>Core</Filter>
    </ClInclude>
    <ClInclude Include="src\Scene\InspectorStyles.h">
      <Filter>Scene</Filter>
    </ClInclude>
    <ClInclude Include="src\Scene\SceneHierarchy.h">
      <Filter>Scene</Filter>
    </ClInclude>
    <ClInclude Include="assets\Scripts\EnemyController.h" />
    <ClInclude Include="assets\Scripts\CameraController.h" />
    <ClInclude Include="src\Scene\ContentBrowser.h" />
    <ClInclude Include="assets\Scripts\GameManager.h" />
    <ClInclude Include="assets\Scripts\Key.h" />
    <ClInclude Include="assets\Scripts\GunManager.h" />
  </ItemGroup>
  <ItemGroup>
    <ClCompile Include="src\Core\EditorLayer.cpp">
      <Filter>Core</Filter>
    </ClCompile>
    <ClCompile Include="src\Editor.cpp" />
    <ClCompile Include="src\Scene\InspectorStyles.cpp">
      <Filter>Scene</Filter>
    </ClCompile>
    <ClCompile Include="src\Scene\SceneHierarchy.cpp">
      <Filter>Scene</Filter>
    </ClCompile>
    <ClCompile Include="src\Scene\ContentBrowser.cpp" />
  </ItemGroup>
</Project>